
Microsoft Visual Studio Solution File, Format Version 11.00
# Visual Studio 2010
Project("{FAE04EC0-301F-11D3-BF4B-00C04F79EFBC}") = "Bomb", "Bomb\Bomb.csproj", "{6F9BF745-E584-4AA3-80E8-46E26EA04F00}"
EndProject
Project("{2150E333-8FDC-42A3-9474-1A3956D46DE8}") = "Project", "Project", "{74246BE1-9934-4FF2-9507-C0B01D789782}"
EndProject
Project("{2150E333-8FDC-42A3-9474-1A3956D46DE8}") = "Bomb", "Bomb", "{38825795-BCC1-49B1-A23F-C54B1361AC7F}"
EndProject
Global
	GlobalSection(SolutionConfigurationPlatforms) = preSolution
		Debug|Any CPU = Debug|Any CPU
		Debug|Mixed Platforms = Debug|Mixed Platforms
		Debug|x64 = Debug|x64
		Debug|x86 = Debug|x86
		Release|Any CPU = Release|Any CPU
		Release|Mixed Platforms = Release|Mixed Platforms
		Release|x64 = Release|x64
		Release|x86 = Release|x86
		TNDKen|Any CPU = TNDKen|Any CPU
		TNDKen|Mixed Platforms = TNDKen|Mixed Platforms
		TNDKen|x64 = TNDKen|x64
		TNDKen|x86 = TNDKen|x86
	EndGlobalSection
	GlobalSection(ProjectConfigurationPlatforms) = postSolution
		{6F9BF745-E584-4AA3-80E8-46E26EA04F00}.Debug|Any CPU.ActiveCfg = Debug|x86
		{6F9BF745-E584-4AA3-80E8-46E26EA04F00}.Debug|Mixed Platforms.ActiveCfg = Debug|x86
		{6F9BF745-E584-4AA3-80E8-46E26EA04F00}.Debug|Mixed Platforms.Build.0 = Debug|x86
		{6F9BF745-E584-4AA3-80E8-46E26EA04F00}.Debug|x64.ActiveCfg = Debug|x86
		{6F9BF745-E584-4AA3-80E8-46E26EA04F00}.Debug|x86.ActiveCfg = Debug|x86
		{6F9BF745-E584-4AA3-80E8-46E26EA04F00}.Debug|x86.Build.0 = Debug|x86
		{6F9BF745-E584-4AA3-80E8-46E26EA04F00}.Release|Any CPU.ActiveCfg = Release|x86
		{6F9BF745-E584-4AA3-80E8-46E26EA04F00}.Release|Mixed Platforms.ActiveCfg = Release|x86
		{6F9BF745-E584-4AA3-80E8-46E26EA04F00}.Release|Mixed Platforms.Build.0 = Release|x86
		{6F9BF745-E584-4AA3-80E8-46E26EA04F00}.Release|x64.ActiveCfg = Release|x86
		{6F9BF745-E584-4AA3-80E8-46E26EA04F00}.Release|x86.ActiveCfg = Release|x86
		{6F9BF745-E584-4AA3-80E8-46E26EA04F00}.Release|x86.Build.0 = Release|x86
		{6F9BF745-E584-4AA3-80E8-46E26EA04F00}.TNDKen|Any CPU.ActiveCfg = Release|x86
		{6F9BF745-E584-4AA3-80E8-46E26EA04F00}.TNDKen|Mixed Platforms.ActiveCfg = Release|x86
		{6F9BF745-E584-4AA3-80E8-46E26EA04F00}.TNDKen|Mixed Platforms.Build.0 = Release|x86
		{6F9BF745-E584-4AA3-80E8-46E26EA04F00}.TNDKen|x64.ActiveCfg = Release|x86
		{6F9BF745-E584-4AA3-80E8-46E26EA04F00}.TNDKen|x86.ActiveCfg = Release|x86
		{6F9BF745-E584-4AA3-80E8-46E26EA04F00}.TNDKen|x86.Build.0 = Release|x86
	EndGlobalSection
	GlobalSection(SolutionProperties) = preSolution
		HideSolutionNode = FALSE
	EndGlobalSection
	GlobalSection(NestedProjects) = preSolution
		{38825795-BCC1-49B1-A23F-C54B1361AC7F} = {74246BE1-9934-4FF2-9507-C0B01D789782}
		{6F9BF745-E584-4AA3-80E8-46E26EA04F00} = {38825795-BCC1-49B1-A23F-C54B1361AC7F}
	EndGlobalSection
EndGlobal
